
Microsoft Visual Studio Solution File, Format Version 12.00
# Visual Studio 15
VisualStudioVersion = 15.0.27428.2037
MinimumVisualStudioVersion = 10.0.40219.1
Project("{FAE04EC0-301F-11D3-BF4B-00C04F79EFBC}") = "Spellbook", "Spellbook\Spellbook.csproj", "{9BFFF33D-B557-4CE4-8B25-FC5E792F4030}"
EndProject
Project("{2150E333-8FDC-42A3-9474-1A3956D46DE8}") = "Models", "Models", "{991DCCDF-3044-426C-83D1-E27CBA246B29}"
EndProject
Project("{2150E333-8FDC-42A3-9474-1A3956D46DE8}") = "Repositories", "Repositories", "{9E4DB51D-B2DE-4398-80E5-E09D152B1AE9}"
EndProject
Project("{2150E333-8FDC-42A3-9474-1A3956D46DE8}") = "Services", "Services", "{B3BEDC0E-1AE3-4390-8CB2-AEC73BCB29AF}"
EndProject
Project("{FAE04EC0-301F-11D3-BF4B-00C04F79EFBC}") = "SpellbookAPI.Models", "Spellbook.Models\SpellbookAPI.Models.csproj", "{73547E0D-5F94-4394-95A6-1A2BD9333179}"
EndProject
Project("{FAE04EC0-301F-11D3-BF4B-00C04F79EFBC}") = "SpellbookAPI.Repositories", "Spellbook.Repositories\SpellbookAPI.Repositories.csproj", "{78260335-BB69-4477-8D7E-7B4699BC3EDA}"
EndProject
Project("{FAE04EC0-301F-11D3-BF4B-00C04F79EFBC}") = "SpellbookAPI.Services", "Spellbook.Services\SpellbookAPI.Services.csproj", "{76CC161E-D166-4D2A-9954-77690E020CC1}"
EndProject
Project("{2150E333-8FDC-42A3-9474-1A3956D46DE8}") = "API", "API", "{8389821D-4DD3-4E82-8A5A-0273EC5C6B80}"
EndProject
Project("{2150E333-8FDC-42A3-9474-1A3956D46DE8}") = "DataContext", "DataContext", "{6C1A7D96-26A6-426C-BDB8-3FB20C0FCE3D}"
EndProject
Project("{FAE04EC0-301F-11D3-BF4B-00C04F79EFBC}") = "SpellbookAPI.DataContext", "Spellbook.DataContext\SpellbookAPI.DataContext.csproj", "{BB662546-E1E9-495B-9612-B9CAE76E29D4}"
EndProject
Project("{2150E333-8FDC-42A3-9474-1A3956D46DE8}") = "Tests", "Tests", "{99C347D7-B616-4F82-AEE2-7DF26D90869B}"
EndProject
Project("{FAE04EC0-301F-11D3-BF4B-00C04F79EFBC}") = "SpellbookAPI.Tests", "Spellbook.Tests\SpellbookAPI.Tests.csproj", "{832C4040-FA92-41C2-8604-C700690DB291}"
EndProject
Global
	GlobalSection(SolutionConfigurationPlatforms) = preSolution
		Debug|Any CPU = Debug|Any CPU
		Release|Any CPU = Release|Any CPU
	EndGlobalSection
	GlobalSection(ProjectConfigurationPlatforms) = postSolution
		{9BFFF33D-B557-4CE4-8B25-FC5E792F4030}.Debug|Any CPU.ActiveCfg = Debug|Any CPU
		{9BFFF33D-B557-4CE4-8B25-FC5E792F4030}.Debug|Any CPU.Build.0 = Debug|Any CPU
		{9BFFF33D-B557-4CE4-8B25-FC5E792F4030}.Release|Any CPU.ActiveCfg = Release|Any CPU
		{9BFFF33D-B557-4CE4-8B25-FC5E792F4030}.Release|Any CPU.Build.0 = Release|Any CPU
		{73547E0D-5F94-4394-95A6-1A2BD9333179}.Debug|Any CPU.ActiveCfg = Debug|Any CPU
		{73547E0D-5F94-4394-95A6-1A2BD9333179}.Debug|Any CPU.Build.0 = Debug|Any CPU
		{73547E0D-5F94-4394-95A6-1A2BD9333179}.Release|Any CPU.ActiveCfg = Release|Any CPU
		{73547E0D-5F94-4394-95A6-1A2BD9333179}.Release|Any CPU.Build.0 = Release|Any CPU
		{78260335-BB69-4477-8D7E-7B4699BC3EDA}.Debug|Any CPU.ActiveCfg = Debug|Any CPU
		{78260335-BB69-4477-8D7E-7B4699BC3EDA}.Debug|Any CPU.Build.0 = Debug|Any CPU
		{78260335-BB69-4477-8D7E-7B4699BC3EDA}.Release|Any CPU.ActiveCfg = Release|Any CPU
		{78260335-BB69-4477-8D7E-7B4699BC3EDA}.Release|Any CPU.Build.0 = Release|Any CPU
		{76CC161E-D166-4D2A-9954-77690E020CC1}.Debug|Any CPU.ActiveCfg = Debug|Any CPU
		{76CC161E-D166-4D2A-9954-77690E020CC1}.Debug|Any CPU.Build.0 = Debug|Any CPU
		{76CC161E-D166-4D2A-9954-77690E020CC1}.Release|Any CPU.ActiveCfg = Release|Any CPU
		{76CC161E-D166-4D2A-9954-77690E020CC1}.Release|Any CPU.Build.0 = Release|Any CPU
		{BB662546-E1E9-495B-9612-B9CAE76E29D4}.Debug|Any CPU.ActiveCfg = Debug|Any CPU
		{BB662546-E1E9-495B-9612-B9CAE76E29D4}.Debug|Any CPU.Build.0 = Debug|Any CPU
		{BB662546-E1E9-495B-9612-B9CAE76E29D4}.Release|Any CPU.ActiveCfg = Release|Any CPU
		{BB662546-E1E9-495B-9612-B9CAE76E29D4}.Release|Any CPU.Build.0 = Release|Any CPU
		{832C4040-FA92-41C2-8604-C700690DB291}.Debug|Any CPU.ActiveCfg = Debug|Any CPU
		{832C4040-FA92-41C2-8604-C700690DB291}.Debug|Any CPU.Build.0 = Debug|Any CPU
		{832C4040-FA92-41C2-8604-C700690DB291}.Release|Any CPU.ActiveCfg = Release|Any CPU
		{832C4040-FA92-41C2-8604-C700690DB291}.Release|Any CPU.Build.0 = Release|Any CPU
	EndGlobalSection
	GlobalSection(SolutionProperties) = preSolution
		HideSolutionNode = FALSE
	EndGlobalSection
	GlobalSection(NestedProjects) = preSolution
		{9BFFF33D-B557-4CE4-8B25-FC5E792F4030} = {8389821D-4DD3-4E82-8A5A-0273EC5C6B80}
		{73547E0D-5F94-4394-95A6-1A2BD9333179} = {991DCCDF-3044-426C-83D1-E27CBA246B29}
		{78260335-BB69-4477-8D7E-7B4699BC3EDA} = {9E4DB51D-B2DE-4398-80E5-E09D152B1AE9}
		{76CC161E-D166-4D2A-9954-77690E020CC1} = {B3BEDC0E-1AE3-4390-8CB2-AEC73BCB29AF}
		{BB662546-E1E9-495B-9612-B9CAE76E29D4} = {6C1A7D96-26A6-426C-BDB8-3FB20C0FCE3D}
		{832C4040-FA92-41C2-8604-C700690DB291} = {99C347D7-B616-4F82-AEE2-7DF26D90869B}
	EndGlobalSection
	GlobalSection(ExtensibilityGlobals) = postSolution
		SolutionGuid = {BF90C2F6-7771-4B55-B1A1-96EB3AC1791D}
	EndGlobalSection
EndGlobal
